
Microsoft Visual Studio Solution File, Format Version 12.00
# Visual Studio Version 16
VisualStudioVersion = 16.0.30204.135
MinimumVisualStudioVersion = 10.0.40219.1
Project("{FAE04EC0-301F-11D3-BF4B-00C04F79EFBC}") = "dotNetCoreHeroku", "dotNetCoreHeroku.csproj", "{09124067-B4AF-4E78-BC7A-FE3363009EF0}"
EndProject
Global
	GlobalSection(SolutionConfigurationPlatforms) = preSolution
		Debug|Any CPU = Debug|Any CPU
		Release|Any CPU = Release|Any CPU
	EndGlobalSection
	GlobalSection(ProjectConfigurationPlatforms) = postSolution
		{09124067-B4AF-4E78-BC7A-FE3363009EF0}.Debug|Any CPU.ActiveCfg = Debug|Any CPU
		{09124067-B4AF-4E78-BC7A-FE3363009EF0}.Debug|Any CPU.Build.0 = Debug|Any CPU
		{09124067-B4AF-4E78-BC7A-FE3363009EF0}.Release|Any CPU.ActiveCfg = Release|Any CPU
		{09124067-B4AF-4E78-BC7A-FE3363009EF0}.Release|Any CPU.Build.0 = Release|Any CPU
	EndGlobalSection
	GlobalSection(SolutionProperties) = preSolution
		HideSolutionNode = FALSE
	EndGlobalSection
	GlobalSection(ExtensibilityGlobals) = postSolution
		SolutionGuid = {DF4EAAA1-871F-476A-BC5D-AAD97BC3E9EF}
	EndGlobalSection
EndGlobal
